<?xml version="1.0" encoding="utf-8"?>
<Project ToolsVersion="4.0" xmlns="http://schemas.microsoft.com/developer/msbuild/2003">
  <ItemGroup>
    <Filter Include="olc6502">
      <UniqueIdentifier>{db19484f-1fe6-4d5c-8951-b9b199d308e5}</UniqueIdentifier>
    </Filter>
    <Filter Include="tests">
      <UniqueIdentifier>{aff9acad-9e76-45dc-8933-6848de5147fc}</UniqueIdentifier>
    </Filter>
    <Filter Include="bus">
      <UniqueIdentifier>{ff0d72e8-a290-4dbd-acdd-9d624dd9ef79}</UniqueIdentifier>
    </Filter>
    <Filter Include="dependencies">
      <UniqueIdentifier>{d7343ae8-284d-4a7b-91a7-99d74cf79c79}</UniqueIdentifier>
    </Filter>
  </ItemGroup>
  <ItemGroup>
    <ClCompile Include="src\bus\Bus.cpp">
      <Filter>bus</Filter>
    </ClCompile>
    <ClCompile Include="src\olc6502\olc6502.cpp">
      <Filter>olc6502</Filter>
    </ClCompile>
    <ClCompile Include="src\test\olcNes_Video1_6502.cpp">
      <Filter>tests</Filter>
    </ClCompile>
  </ItemGroup>
  <ItemGroup>
    <ClInclude Include="src\bus\Bus.h">
      <Filter>bus</Filter>
    </ClInclude>
    <ClInclude Include="src\olc6502\olc6502.h">
      <Filter>olc6502</Filter>
    </ClInclude>
    <ClInclude Include="src\dependencies\olcPixelGameEngine.h">
      <Filter>dependencies</Filter>
    </ClInclude>
  </ItemGroup>
</Project>